{
  "name": "onflyTeste",
  "lockfileVersion": 3,
  "requires": true,
  "packages": {
    "": {
      "dependencies": {
        "rpa": "^0.0.1"
      }
    },
    "node_modules/rpa": {
      "version": "0.0.1",
      "resolved": "https://registry.npmjs.org/rpa/-/rpa-0.0.1.tgz",
      "integrity": "sha512-GbFCbFjYy/2TBrXbbudBRrWY+5QbUp+arJiuf654xL7K9tJHz46Iv0cSCZ3+CsRnzwfcYRl23NgEhTKf0jR3uw==",
      "license": "MIT"
    }
  }
}
